
Microsoft Visual Studio Solution File, Format Version 12.00
# Visual Studio Version 17
VisualStudioVersion = 17.7.34202.233
MinimumVisualStudioVersion = 10.0.40219.1
Project("{FAE04EC0-301F-11D3-BF4B-00C04F79EFBC}") = "DoctorApp", "DoctorApp\DoctorApp.csproj", "{6C88F466-4B44-4B78-9E3F-C437D1A07392}"
EndProject
Project("{FAE04EC0-301F-11D3-BF4B-00C04F79EFBC}") = "DoctorModelLibrary", "DoctorModelLibrary\DoctorModelLibrary.csproj", "{4796C2A9-4438-49D9-A854-C5B2E51252AA}"
EndProject
Project("{FAE04EC0-301F-11D3-BF4B-00C04F79EFBC}") = "DoctorsDALLibrary", "DoctorsDALLibrary\DoctorsDALLibrary.csproj", "{032E99C0-0773-4114-9165-46769CA5B777}"
EndProject
Project("{FAE04EC0-301F-11D3-BF4B-00C04F79EFBC}") = "DoctorsBLLibrary", "DoctorsBLLibrary\DoctorsBLLibrary.csproj", "{BC7A20CE-87E8-4029-AAA2-C61C0866B003}"
EndProject
Global
	GlobalSection(SolutionConfigurationPlatforms) = preSolution
		Debug|Any CPU = Debug|Any CPU
		Release|Any CPU = Release|Any CPU
	EndGlobalSection
	GlobalSection(ProjectConfigurationPlatforms) = postSolution
		{6C88F466-4B44-4B78-9E3F-C437D1A07392}.Debug|Any CPU.ActiveCfg = Debug|Any CPU
		{6C88F466-4B44-4B78-9E3F-C437D1A07392}.Debug|Any CPU.Build.0 = Debug|Any CPU
		{6C88F466-4B44-4B78-9E3F-C437D1A07392}.Release|Any CPU.ActiveCfg = Release|Any CPU
		{6C88F466-4B44-4B78-9E3F-C437D1A07392}.Release|Any CPU.Build.0 = Release|Any CPU
		{4796C2A9-4438-49D9-A854-C5B2E51252AA}.Debug|Any CPU.ActiveCfg = Debug|Any CPU
		{4796C2A9-4438-49D9-A854-C5B2E51252AA}.Debug|Any CPU.Build.0 = Debug|Any CPU
		{4796C2A9-4438-49D9-A854-C5B2E51252AA}.Release|Any CPU.ActiveCfg = Release|Any CPU
		{4796C2A9-4438-49D9-A854-C5B2E51252AA}.Release|Any CPU.Build.0 = Release|Any CPU
		{032E99C0-0773-4114-9165-46769CA5B777}.Debug|Any CPU.ActiveCfg = Debug|Any CPU
		{032E99C0-0773-4114-9165-46769CA5B777}.Debug|Any CPU.Build.0 = Debug|Any CPU
		{032E99C0-0773-4114-9165-46769CA5B777}.Release|Any CPU.ActiveCfg = Release|Any CPU
		{032E99C0-0773-4114-9165-46769CA5B777}.Release|Any CPU.Build.0 = Release|Any CPU
		{BC7A20CE-87E8-4029-AAA2-C61C0866B003}.Debug|Any CPU.ActiveCfg = Debug|Any CPU
		{BC7A20CE-87E8-4029-AAA2-C61C0866B003}.Debug|Any CPU.Build.0 = Debug|Any CPU
		{BC7A20CE-87E8-4029-AAA2-C61C0866B003}.Release|Any CPU.ActiveCfg = Release|Any CPU
		{BC7A20CE-87E8-4029-AAA2-C61C0866B003}.Release|Any CPU.Build.0 = Release|Any CPU
	EndGlobalSection
	GlobalSection(SolutionProperties) = preSolution
		HideSolutionNode = FALSE
	EndGlobalSection
	GlobalSection(ExtensibilityGlobals) = postSolution
		SolutionGuid = {7C19056D-1CF6-4D90-A2B2-C5C45B2BE111}
	EndGlobalSection
EndGlobal
